
Microsoft Visual Studio Solution File, Format Version 12.00
# Visual Studio 15
VisualStudioVersion = 15.0.27703.2035
MinimumVisualStudioVersion = 10.0.40219.1
Project("{9A19103F-16F7-4668-BE54-9A1E7A4F7556}") = "Noter.Domain", "Noter.Domain\Noter.Domain.csproj", "{2E75273E-00FD-43A1-A157-02E900B05812}"
EndProject
Project("{9A19103F-16F7-4668-BE54-9A1E7A4F7556}") = "Noter.Domain.Tests", "Noter.Domain.Tests\Noter.Domain.Tests.csproj", "{C190EA1C-A5B2-4A73-ABE0-8B2D63A76E0E}"
EndProject
Project("{2150E333-8FDC-42A3-9474-1A3956D46DE8}") = "Core", "Core", "{59CEC147-AE5E-4024-AE45-17C95ABEFB02}"
EndProject
Project("{2150E333-8FDC-42A3-9474-1A3956D46DE8}") = "Tests", "Tests", "{21794DB6-624A-480C-AC86-A450BAFEA9A2}"
EndProject
Project("{9A19103F-16F7-4668-BE54-9A1E7A4F7556}") = "Noter.Application", "Noter.Application\Noter.Application.csproj", "{70ECEA79-E249-40F4-9460-ECCA7E3AA63A}"
EndProject
Project("{2150E333-8FDC-42A3-9474-1A3956D46DE8}") = "Infrastructure", "Infrastructure", "{EDDD842C-FC2D-4815-A68A-01CBFB604F66}"
EndProject
Project("{9A19103F-16F7-4668-BE54-9A1E7A4F7556}") = "Noter.Persistance", "Noter.Persistance\Noter.Persistance.csproj", "{2050FBB8-685A-4474-91BF-2EB7B5988CF3}"
EndProject
Project("{2150E333-8FDC-42A3-9474-1A3956D46DE8}") = "Src", "Src", "{BCA8DC4E-0855-4A38-AB86-7C22E2989699}"
EndProject
Project("{9A19103F-16F7-4668-BE54-9A1E7A4F7556}") = "Noter.Application.Tests", "Noter.Application.Tests\Noter.Application.Tests.csproj", "{3C63B2C0-6424-40BC-94A4-2786F9412E04}"
EndProject
Project("{2150E333-8FDC-42A3-9474-1A3956D46DE8}") = "Presentation", "Presentation", "{663382D9-68D8-4DBE-B3D8-0DAB9677DEBD}"
EndProject
Project("{2150E333-8FDC-42A3-9474-1A3956D46DE8}") = "Solution Items", "Solution Items", "{192E4522-0CDE-4BB6-8537-D9CC5E6B2A96}"
	ProjectSection(SolutionItems) = preProject
		.filenesting.json = .filenesting.json
	EndProjectSection
EndProject
Project("{9A19103F-16F7-4668-BE54-9A1E7A4F7556}") = "Noter.Infrastructure", "Noter.Infrastructure\Noter.Infrastructure.csproj", "{1D8EA810-2B2E-41B0-8988-9435324FD8BB}"
EndProject
Project("{9A19103F-16F7-4668-BE54-9A1E7A4F7556}") = "Noter.WebUI.React", "Noter.WebUI.React\Noter.WebUI.React.csproj", "{31EB6DB0-4C20-4C29-A8C0-A2AE01E996A3}"
EndProject
Project("{9A19103F-16F7-4668-BE54-9A1E7A4F7556}") = "Noter.Api", "Noter.Api\Noter.Api.csproj", "{7CD39444-8AAF-463B-A1D0-8887C178AB4E}"
EndProject
Global
	GlobalSection(SolutionConfigurationPlatforms) = preSolution
		Debug|Any CPU = Debug|Any CPU
		Release|Any CPU = Release|Any CPU
	EndGlobalSection
	GlobalSection(ProjectConfigurationPlatforms) = postSolution
		{2E75273E-00FD-43A1-A157-02E900B05812}.Debug|Any CPU.ActiveCfg = Debug|Any CPU
		{2E75273E-00FD-43A1-A157-02E900B05812}.Debug|Any CPU.Build.0 = Debug|Any CPU
		{2E75273E-00FD-43A1-A157-02E900B05812}.Release|Any CPU.ActiveCfg = Release|Any CPU
		{2E75273E-00FD-43A1-A157-02E900B05812}.Release|Any CPU.Build.0 = Release|Any CPU
		{C190EA1C-A5B2-4A73-ABE0-8B2D63A76E0E}.Debug|Any CPU.ActiveCfg = Debug|Any CPU
		{C190EA1C-A5B2-4A73-ABE0-8B2D63A76E0E}.Debug|Any CPU.Build.0 = Debug|Any CPU
		{C190EA1C-A5B2-4A73-ABE0-8B2D63A76E0E}.Release|Any CPU.ActiveCfg = Release|Any CPU
		{C190EA1C-A5B2-4A73-ABE0-8B2D63A76E0E}.Release|Any CPU.Build.0 = Release|Any CPU
		{70ECEA79-E249-40F4-9460-ECCA7E3AA63A}.Debug|Any CPU.ActiveCfg = Debug|Any CPU
		{70ECEA79-E249-40F4-9460-ECCA7E3AA63A}.Debug|Any CPU.Build.0 = Debug|Any CPU
		{70ECEA79-E249-40F4-9460-ECCA7E3AA63A}.Release|Any CPU.ActiveCfg = Release|Any CPU
		{70ECEA79-E249-40F4-9460-ECCA7E3AA63A}.Release|Any CPU.Build.0 = Release|Any CPU
		{2050FBB8-685A-4474-91BF-2EB7B5988CF3}.Debug|Any CPU.ActiveCfg = Debug|Any CPU
		{2050FBB8-685A-4474-91BF-2EB7B5988CF3}.Debug|Any CPU.Build.0 = Debug|Any CPU
		{2050FBB8-685A-4474-91BF-2EB7B5988CF3}.Release|Any CPU.ActiveCfg = Release|Any CPU
		{2050FBB8-685A-4474-91BF-2EB7B5988CF3}.Release|Any CPU.Build.0 = Release|Any CPU
		{3C63B2C0-6424-40BC-94A4-2786F9412E04}.Debug|Any CPU.ActiveCfg = Debug|Any CPU
		{3C63B2C0-6424-40BC-94A4-2786F9412E04}.Debug|Any CPU.Build.0 = Debug|Any CPU
		{3C63B2C0-6424-40BC-94A4-2786F9412E04}.Release|Any CPU.ActiveCfg = Release|Any CPU
		{3C63B2C0-6424-40BC-94A4-2786F9412E04}.Release|Any CPU.Build.0 = Release|Any CPU
		{1D8EA810-2B2E-41B0-8988-9435324FD8BB}.Debug|Any CPU.ActiveCfg = Debug|Any CPU
		{1D8EA810-2B2E-41B0-8988-9435324FD8BB}.Debug|Any CPU.Build.0 = Debug|Any CPU
		{1D8EA810-2B2E-41B0-8988-9435324FD8BB}.Release|Any CPU.ActiveCfg = Release|Any CPU
		{1D8EA810-2B2E-41B0-8988-9435324FD8BB}.Release|Any CPU.Build.0 = Release|Any CPU
		{31EB6DB0-4C20-4C29-A8C0-A2AE01E996A3}.Debug|Any CPU.ActiveCfg = Debug|Any CPU
		{31EB6DB0-4C20-4C29-A8C0-A2AE01E996A3}.Debug|Any CPU.Build.0 = Debug|Any CPU
		{31EB6DB0-4C20-4C29-A8C0-A2AE01E996A3}.Release|Any CPU.ActiveCfg = Release|Any CPU
		{31EB6DB0-4C20-4C29-A8C0-A2AE01E996A3}.Release|Any CPU.Build.0 = Release|Any CPU
		{7CD39444-8AAF-463B-A1D0-8887C178AB4E}.Debug|Any CPU.ActiveCfg = Debug|Any CPU
		{7CD39444-8AAF-463B-A1D0-8887C178AB4E}.Debug|Any CPU.Build.0 = Debug|Any CPU
		{7CD39444-8AAF-463B-A1D0-8887C178AB4E}.Release|Any CPU.ActiveCfg = Release|Any CPU
		{7CD39444-8AAF-463B-A1D0-8887C178AB4E}.Release|Any CPU.Build.0 = Release|Any CPU
	EndGlobalSection
	GlobalSection(SolutionProperties) = preSolution
		HideSolutionNode = FALSE
	EndGlobalSection
	GlobalSection(NestedProjects) = preSolution
		{2E75273E-00FD-43A1-A157-02E900B05812} = {59CEC147-AE5E-4024-AE45-17C95ABEFB02}
		{C190EA1C-A5B2-4A73-ABE0-8B2D63A76E0E} = {21794DB6-624A-480C-AC86-A450BAFEA9A2}
		{59CEC147-AE5E-4024-AE45-17C95ABEFB02} = {BCA8DC4E-0855-4A38-AB86-7C22E2989699}
		{70ECEA79-E249-40F4-9460-ECCA7E3AA63A} = {59CEC147-AE5E-4024-AE45-17C95ABEFB02}
		{EDDD842C-FC2D-4815-A68A-01CBFB604F66} = {BCA8DC4E-0855-4A38-AB86-7C22E2989699}
		{2050FBB8-685A-4474-91BF-2EB7B5988CF3} = {EDDD842C-FC2D-4815-A68A-01CBFB604F66}
		{3C63B2C0-6424-40BC-94A4-2786F9412E04} = {21794DB6-624A-480C-AC86-A450BAFEA9A2}
		{663382D9-68D8-4DBE-B3D8-0DAB9677DEBD} = {BCA8DC4E-0855-4A38-AB86-7C22E2989699}
		{1D8EA810-2B2E-41B0-8988-9435324FD8BB} = {EDDD842C-FC2D-4815-A68A-01CBFB604F66}
		{31EB6DB0-4C20-4C29-A8C0-A2AE01E996A3} = {663382D9-68D8-4DBE-B3D8-0DAB9677DEBD}
		{7CD39444-8AAF-463B-A1D0-8887C178AB4E} = {59CEC147-AE5E-4024-AE45-17C95ABEFB02}
	EndGlobalSection
	GlobalSection(ExtensibilityGlobals) = postSolution
		SolutionGuid = {5528A19F-46BF-4B11-8A61-D0B398C66E0A}
	EndGlobalSection
EndGlobal
